
Microsoft Visual Studio Solution File, Format Version 12.00
# Visual Studio 2012
Project("{FAE04EC0-301F-11D3-BF4B-00C04F79EFBC}") = "WatchOut", "WatchOut\WatchOut.csproj", "{0975CB09-D935-415A-8CEB-3650E821B817}"
EndProject
Global
	GlobalSection(SolutionConfigurationPlatforms) = preSolution
		Debug|Any CPU = Debug|Any CPU
		Release|Any CPU = Release|Any CPU
	EndGlobalSection
	GlobalSection(ProjectConfigurationPlatforms) = postSolution
		{0975CB09-D935-415A-8CEB-3650E821B817}.Debug|Any CPU.ActiveCfg = Debug|Any CPU
		{0975CB09-D935-415A-8CEB-3650E821B817}.Debug|Any CPU.Build.0 = Debug|Any CPU
		{0975CB09-D935-415A-8CEB-3650E821B817}.Release|Any CPU.ActiveCfg = Release|Any CPU
		{0975CB09-D935-415A-8CEB-3650E821B817}.Release|Any CPU.Build.0 = Release|Any CPU
	EndGlobalSection
EndGlobal
